
Microsoft Visual Studio Solution File, Format Version 10.00
# Visual Studio 2008
Project("{2150E333-8FDC-42A3-9474-1A3956D46DE8}") = "Engine", "Engine", "{03ECB021-FCF5-45A7-A108-64CB76F90084}"
EndProject
Project("{8BC9CEB8-8B4A-11D0-8D11-00A0C91BC942}") = "Base", "Engine\Base\Base.vcproj", "{2E80D8EF-3F98-4A68-B4B5-128B8A0B9A53}"
EndProject
Project("{8BC9CEB8-8B4A-11D0-8D11-00A0C91BC942}") = "Core", "Engine\Core\Core.vcproj", "{2918254A-0182-4A93-BDC6-4C5D33431A33}"
	ProjectSection(ProjectDependencies) = postProject
		{4921D77B-C558-42D3-A22D-9D0EBB1475C8} = {4921D77B-C558-42D3-A22D-9D0EBB1475C8}
		{F28398D9-07DD-421B-AAF2-56CC6F25B3FA} = {F28398D9-07DD-421B-AAF2-56CC6F25B3FA}
		{2E80D8EF-3F98-4A68-B4B5-128B8A0B9A53} = {2E80D8EF-3F98-4A68-B4B5-128B8A0B9A53}
		{50BA57F8-CEC4-484F-87EE-0E839B030BDF} = {50BA57F8-CEC4-484F-87EE-0E839B030BDF}
	EndProjectSection
EndProject
Project("{8BC9CEB8-8B4A-11D0-8D11-00A0C91BC942}") = "Graphics", "Engine\Graphics\Graphics.vcproj", "{EB443737-62CA-4DC9-9979-1E79983BB5E9}"
	ProjectSection(ProjectDependencies) = postProject
		{2CCFF6A3-E83B-493D-A0FF-916F24F8F87E} = {2CCFF6A3-E83B-493D-A0FF-916F24F8F87E}
		{2E80D8EF-3F98-4A68-B4B5-128B8A0B9A53} = {2E80D8EF-3F98-4A68-B4B5-128B8A0B9A53}
	EndProjectSection
EndProject
Project("{8BC9CEB8-8B4A-11D0-8D11-00A0C91BC942}") = "GUI", "Engine\GUI\GUI.vcproj", "{F8DC187B-3A96-4AA2-8734-9289E951E89D}"
	ProjectSection(ProjectDependencies) = postProject
		{EB443737-62CA-4DC9-9979-1E79983BB5E9} = {EB443737-62CA-4DC9-9979-1E79983BB5E9}
		{2918254A-0182-4A93-BDC6-4C5D33431A33} = {2918254A-0182-4A93-BDC6-4C5D33431A33}
		{4921D77B-C558-42D3-A22D-9D0EBB1475C8} = {4921D77B-C558-42D3-A22D-9D0EBB1475C8}
		{F28398D9-07DD-421B-AAF2-56CC6F25B3FA} = {F28398D9-07DD-421B-AAF2-56CC6F25B3FA}
		{2E80D8EF-3F98-4A68-B4B5-128B8A0B9A53} = {2E80D8EF-3F98-4A68-B4B5-128B8A0B9A53}
	EndProjectSection
EndProject
Project("{8BC9CEB8-8B4A-11D0-8D11-00A0C91BC942}") = "Network", "Engine\Network\Network.vcproj", "{D4315B60-EF40-426E-80A0-E7B8619A6356}"
EndProject
Project("{8BC9CEB8-8B4A-11D0-8D11-00A0C91BC942}") = "PhysX", "Engine\PhysX\PhysX.vcproj", "{2CCFF6A3-E83B-493D-A0FF-916F24F8F87E}"
	ProjectSection(ProjectDependencies) = postProject
		{2918254A-0182-4A93-BDC6-4C5D33431A33} = {2918254A-0182-4A93-BDC6-4C5D33431A33}
		{2E80D8EF-3F98-4A68-B4B5-128B8A0B9A53} = {2E80D8EF-3F98-4A68-B4B5-128B8A0B9A53}
	EndProjectSection
EndProject
Project("{8BC9CEB8-8B4A-11D0-8D11-00A0C91BC942}") = "Sound", "Engine\Sound\Sound.vcproj", "{EA10B9BB-80F6-400E-A85B-CFB12235F2BD}"
EndProject
Project("{2150E333-8FDC-42A3-9474-1A3956D46DE8}") = "Testers", "Testers", "{C0DC7E77-BEDD-4144-89E5-DF64BE7B09BB}"
EndProject
Project("{8BC9CEB8-8B4A-11D0-8D11-00A0C91BC942}") = "Test", "Test\Test.vcproj", "{472C6C93-44FA-4FE2-832A-325A8BA6FDA9}"
	ProjectSection(ProjectDependencies) = postProject
		{EB443737-62CA-4DC9-9979-1E79983BB5E9} = {EB443737-62CA-4DC9-9979-1E79983BB5E9}
		{2918254A-0182-4A93-BDC6-4C5D33431A33} = {2918254A-0182-4A93-BDC6-4C5D33431A33}
		{F8DC187B-3A96-4AA2-8734-9289E951E89D} = {F8DC187B-3A96-4AA2-8734-9289E951E89D}
		{4921D77B-C558-42D3-A22D-9D0EBB1475C8} = {4921D77B-C558-42D3-A22D-9D0EBB1475C8}
		{2CCFF6A3-E83B-493D-A0FF-916F24F8F87E} = {2CCFF6A3-E83B-493D-A0FF-916F24F8F87E}
		{2AFED2B5-122B-4C32-A3BC-E46CBEE39395} = {2AFED2B5-122B-4C32-A3BC-E46CBEE39395}
		{EA10B9BB-80F6-400E-A85B-CFB12235F2BD} = {EA10B9BB-80F6-400E-A85B-CFB12235F2BD}
		{F28398D9-07DD-421B-AAF2-56CC6F25B3FA} = {F28398D9-07DD-421B-AAF2-56CC6F25B3FA}
		{2E80D8EF-3F98-4A68-B4B5-128B8A0B9A53} = {2E80D8EF-3F98-4A68-B4B5-128B8A0B9A53}
		{50BA57F8-CEC4-484F-87EE-0E839B030BDF} = {50BA57F8-CEC4-484F-87EE-0E839B030BDF}
	EndProjectSection
EndProject
Project("{8BC9CEB8-8B4A-11D0-8D11-00A0C91BC942}") = "Input", "Engine\Input\Input.vcproj", "{F28398D9-07DD-421B-AAF2-56CC6F25B3FA}"
	ProjectSection(ProjectDependencies) = postProject
		{2E80D8EF-3F98-4A68-B4B5-128B8A0B9A53} = {2E80D8EF-3F98-4A68-B4B5-128B8A0B9A53}
	EndProjectSection
EndProject
Project("{8BC9CEB8-8B4A-11D0-8D11-00A0C91BC942}") = "Cal3D", "..\3dParty\cal3d-0.11rc2\src\cal3d\cal3d.vcproj", "{50BA57F8-CEC4-484F-87EE-0E839B030BDF}"
EndProject
Project("{8BC9CEB8-8B4A-11D0-8D11-00A0C91BC942}") = "Lua", "..\3dParty\lua-5.1.4\Lua\Lua.vcproj", "{4921D77B-C558-42D3-A22D-9D0EBB1475C8}"
EndProject
Project("{8BC9CEB8-8B4A-11D0-8D11-00A0C91BC942}") = "LUABind", "..\3dParty\luabind-0.9.1\luabind\LUABind.vcproj", "{2AFED2B5-122B-4C32-A3BC-E46CBEE39395}"
EndProject
Global
	GlobalSection(SolutionConfigurationPlatforms) = preSolution
		Debug|Any CPU = Debug|Any CPU
		Debug|Mixed Platforms = Debug|Mixed Platforms
		Debug|Win32 = Debug|Win32
		Release|Any CPU = Release|Any CPU
		Release|Mixed Platforms = Release|Mixed Platforms
		Release|Win32 = Release|Win32
	EndGlobalSection
	GlobalSection(ProjectConfigurationPlatforms) = postSolution
		{2E80D8EF-3F98-4A68-B4B5-128B8A0B9A53}.Debug|Any CPU.ActiveCfg = Debug|Win32
		{2E80D8EF-3F98-4A68-B4B5-128B8A0B9A53}.Debug|Mixed Platforms.ActiveCfg = Debug|Win32
		{2E80D8EF-3F98-4A68-B4B5-128B8A0B9A53}.Debug|Mixed Platforms.Build.0 = Debug|Win32
		{2E80D8EF-3F98-4A68-B4B5-128B8A0B9A53}.Debug|Win32.ActiveCfg = Debug|Win32
		{2E80D8EF-3F98-4A68-B4B5-128B8A0B9A53}.Debug|Win32.Build.0 = Debug|Win32
		{2E80D8EF-3F98-4A68-B4B5-128B8A0B9A53}.Release|Any CPU.ActiveCfg = Release|Win32
		{2E80D8EF-3F98-4A68-B4B5-128B8A0B9A53}.Release|Mixed Platforms.ActiveCfg = Release|Win32
		{2E80D8EF-3F98-4A68-B4B5-128B8A0B9A53}.Release|Mixed Platforms.Build.0 = Release|Win32
		{2E80D8EF-3F98-4A68-B4B5-128B8A0B9A53}.Release|Win32.ActiveCfg = Release|Win32
		{2E80D8EF-3F98-4A68-B4B5-128B8A0B9A53}.Release|Win32.Build.0 = Release|Win32
		{2918254A-0182-4A93-BDC6-4C5D33431A33}.Debug|Any CPU.ActiveCfg = Debug|Win32
		{2918254A-0182-4A93-BDC6-4C5D33431A33}.Debug|Mixed Platforms.ActiveCfg = Debug|Win32
		{2918254A-0182-4A93-BDC6-4C5D33431A33}.Debug|Mixed Platforms.Build.0 = Debug|Win32
		{2918254A-0182-4A93-BDC6-4C5D33431A33}.Debug|Win32.ActiveCfg = Debug|Win32
		{2918254A-0182-4A93-BDC6-4C5D33431A33}.Debug|Win32.Build.0 = Debug|Win32
		{2918254A-0182-4A93-BDC6-4C5D33431A33}.Release|Any CPU.ActiveCfg = Release|Win32
		{2918254A-0182-4A93-BDC6-4C5D33431A33}.Release|Mixed Platforms.ActiveCfg = Release|Win32
		{2918254A-0182-4A93-BDC6-4C5D33431A33}.Release|Mixed Platforms.Build.0 = Release|Win32
		{2918254A-0182-4A93-BDC6-4C5D33431A33}.Release|Win32.ActiveCfg = Release|Win32
		{2918254A-0182-4A93-BDC6-4C5D33431A33}.Release|Win32.Build.0 = Release|Win32
		{EB443737-62CA-4DC9-9979-1E79983BB5E9}.Debug|Any CPU.ActiveCfg = Debug|Win32
		{EB443737-62CA-4DC9-9979-1E79983BB5E9}.Debug|Mixed Platforms.ActiveCfg = Debug|Win32
		{EB443737-62CA-4DC9-9979-1E79983BB5E9}.Debug|Mixed Platforms.Build.0 = Debug|Win32
		{EB443737-62CA-4DC9-9979-1E79983BB5E9}.Debug|Win32.ActiveCfg = Debug|Win32
		{EB443737-62CA-4DC9-9979-1E79983BB5E9}.Debug|Win32.Build.0 = Debug|Win32
		{EB443737-62CA-4DC9-9979-1E79983BB5E9}.Release|Any CPU.ActiveCfg = Release|Win32
		{EB443737-62CA-4DC9-9979-1E79983BB5E9}.Release|Mixed Platforms.ActiveCfg = Release|Win32
		{EB443737-62CA-4DC9-9979-1E79983BB5E9}.Release|Mixed Platforms.Build.0 = Release|Win32
		{EB443737-62CA-4DC9-9979-1E79983BB5E9}.Release|Win32.ActiveCfg = Release|Win32
		{EB443737-62CA-4DC9-9979-1E79983BB5E9}.Release|Win32.Build.0 = Release|Win32
		{F8DC187B-3A96-4AA2-8734-9289E951E89D}.Debug|Any CPU.ActiveCfg = Debug|Win32
		{F8DC187B-3A96-4AA2-8734-9289E951E89D}.Debug|Mixed Platforms.ActiveCfg = Debug|Win32
		{F8DC187B-3A96-4AA2-8734-9289E951E89D}.Debug|Mixed Platforms.Build.0 = Debug|Win32
		{F8DC187B-3A96-4AA2-8734-9289E951E89D}.Debug|Win32.ActiveCfg = Debug|Win32
		{F8DC187B-3A96-4AA2-8734-9289E951E89D}.Debug|Win32.Build.0 = Debug|Win32
		{F8DC187B-3A96-4AA2-8734-9289E951E89D}.Release|Any CPU.ActiveCfg = Release|Win32
		{F8DC187B-3A96-4AA2-8734-9289E951E89D}.Release|Mixed Platforms.ActiveCfg = Release|Win32
		{F8DC187B-3A96-4AA2-8734-9289E951E89D}.Release|Mixed Platforms.Build.0 = Release|Win32
		{F8DC187B-3A96-4AA2-8734-9289E951E89D}.Release|Win32.ActiveCfg = Release|Win32
		{F8DC187B-3A96-4AA2-8734-9289E951E89D}.Release|Win32.Build.0 = Release|Win32
		{D4315B60-EF40-426E-80A0-E7B8619A6356}.Debug|Any CPU.ActiveCfg = Debug|Win32
		{D4315B60-EF40-426E-80A0-E7B8619A6356}.Debug|Mixed Platforms.ActiveCfg = Debug|Win32
		{D4315B60-EF40-426E-80A0-E7B8619A6356}.Debug|Mixed Platforms.Build.0 = Debug|Win32
		{D4315B60-EF40-426E-80A0-E7B8619A6356}.Debug|Win32.ActiveCfg = Debug|Win32
		{D4315B60-EF40-426E-80A0-E7B8619A6356}.Debug|Win32.Build.0 = Debug|Win32
		{D4315B60-EF40-426E-80A0-E7B8619A6356}.Release|Any CPU.ActiveCfg = Release|Win32
		{D4315B60-EF40-426E-80A0-E7B8619A6356}.Release|Mixed Platforms.ActiveCfg = Release|Win32
		{D4315B60-EF40-426E-80A0-E7B8619A6356}.Release|Mixed Platforms.Build.0 = Release|Win32
		{D4315B60-EF40-426E-80A0-E7B8619A6356}.Release|Win32.ActiveCfg = Release|Win32
		{D4315B60-EF40-426E-80A0-E7B8619A6356}.Release|Win32.Build.0 = Release|Win32
		{2CCFF6A3-E83B-493D-A0FF-916F24F8F87E}.Debug|Any CPU.ActiveCfg = Debug|Win32
		{2CCFF6A3-E83B-493D-A0FF-916F24F8F87E}.Debug|Mixed Platforms.ActiveCfg = Debug|Win32
		{2CCFF6A3-E83B-493D-A0FF-916F24F8F87E}.Debug|Mixed Platforms.Build.0 = Debug|Win32
		{2CCFF6A3-E83B-493D-A0FF-916F24F8F87E}.Debug|Win32.ActiveCfg = Debug|Win32
		{2CCFF6A3-E83B-493D-A0FF-916F24F8F87E}.Debug|Win32.Build.0 = Debug|Win32
		{2CCFF6A3-E83B-493D-A0FF-916F24F8F87E}.Release|Any CPU.ActiveCfg = Release|Win32
		{2CCFF6A3-E83B-493D-A0FF-916F24F8F87E}.Release|Mixed Platforms.ActiveCfg = Release|Win32
		{2CCFF6A3-E83B-493D-A0FF-916F24F8F87E}.Release|Mixed Platforms.Build.0 = Release|Win32
		{2CCFF6A3-E83B-493D-A0FF-916F24F8F87E}.Release|Win32.ActiveCfg = Release|Win32
		{2CCFF6A3-E83B-493D-A0FF-916F24F8F87E}.Release|Win32.Build.0 = Release|Win32
		{EA10B9BB-80F6-400E-A85B-CFB12235F2BD}.Debug|Any CPU.ActiveCfg = Debug|Win32
		{EA10B9BB-80F6-400E-A85B-CFB12235F2BD}.Debug|Mixed Platforms.ActiveCfg = Debug|Win32
		{EA10B9BB-80F6-400E-A85B-CFB12235F2BD}.Debug|Mixed Platforms.Build.0 = Debug|Win32
		{EA10B9BB-80F6-400E-A85B-CFB12235F2BD}.Debug|Win32.ActiveCfg = Debug|Win32
		{EA10B9BB-80F6-400E-A85B-CFB12235F2BD}.Debug|Win32.Build.0 = Debug|Win32
		{EA10B9BB-80F6-400E-A85B-CFB12235F2BD}.Release|Any CPU.ActiveCfg = Release|Win32
		{EA10B9BB-80F6-400E-A85B-CFB12235F2BD}.Release|Mixed Platforms.ActiveCfg = Release|Win32
		{EA10B9BB-80F6-400E-A85B-CFB12235F2BD}.Release|Mixed Platforms.Build.0 = Release|Win32
		{EA10B9BB-80F6-400E-A85B-CFB12235F2BD}.Release|Win32.ActiveCfg = Release|Win32
		{EA10B9BB-80F6-400E-A85B-CFB12235F2BD}.Release|Win32.Build.0 = Release|Win32
		{472C6C93-44FA-4FE2-832A-325A8BA6FDA9}.Debug|Any CPU.ActiveCfg = Debug|Win32
		{472C6C93-44FA-4FE2-832A-325A8BA6FDA9}.Debug|Mixed Platforms.ActiveCfg = Debug|Win32
		{472C6C93-44FA-4FE2-832A-325A8BA6FDA9}.Debug|Mixed Platforms.Build.0 = Debug|Win32
		{472C6C93-44FA-4FE2-832A-325A8BA6FDA9}.Debug|Win32.ActiveCfg = Debug|Win32
		{472C6C93-44FA-4FE2-832A-325A8BA6FDA9}.Debug|Win32.Build.0 = Debug|Win32
		{472C6C93-44FA-4FE2-832A-325A8BA6FDA9}.Release|Any CPU.ActiveCfg = Release|Win32
		{472C6C93-44FA-4FE2-832A-325A8BA6FDA9}.Release|Mixed Platforms.ActiveCfg = Release|Win32
		{472C6C93-44FA-4FE2-832A-325A8BA6FDA9}.Release|Mixed Platforms.Build.0 = Release|Win32
		{472C6C93-44FA-4FE2-832A-325A8BA6FDA9}.Release|Win32.ActiveCfg = Release|Win32
		{472C6C93-44FA-4FE2-832A-325A8BA6FDA9}.Release|Win32.Build.0 = Release|Win32
		{F28398D9-07DD-421B-AAF2-56CC6F25B3FA}.Debug|Any CPU.ActiveCfg = Debug|Win32
		{F28398D9-07DD-421B-AAF2-56CC6F25B3FA}.Debug|Mixed Platforms.ActiveCfg = Debug|Win32
		{F28398D9-07DD-421B-AAF2-56CC6F25B3FA}.Debug|Mixed Platforms.Build.0 = Debug|Win32
		{F28398D9-07DD-421B-AAF2-56CC6F25B3FA}.Debug|Win32.ActiveCfg = Debug|Win32
		{F28398D9-07DD-421B-AAF2-56CC6F25B3FA}.Debug|Win32.Build.0 = Debug|Win32
		{F28398D9-07DD-421B-AAF2-56CC6F25B3FA}.Release|Any CPU.ActiveCfg = Release|Win32
		{F28398D9-07DD-421B-AAF2-56CC6F25B3FA}.Release|Mixed Platforms.ActiveCfg = Release|Win32
		{F28398D9-07DD-421B-AAF2-56CC6F25B3FA}.Release|Mixed Platforms.Build.0 = Release|Win32
		{F28398D9-07DD-421B-AAF2-56CC6F25B3FA}.Release|Win32.ActiveCfg = Release|Win32
		{F28398D9-07DD-421B-AAF2-56CC6F25B3FA}.Release|Win32.Build.0 = Release|Win32
		{50BA57F8-CEC4-484F-87EE-0E839B030BDF}.Debug|Any CPU.ActiveCfg = Debug|Win32
		{50BA57F8-CEC4-484F-87EE-0E839B030BDF}.Debug|Mixed Platforms.ActiveCfg = Debug|Win32
		{50BA57F8-CEC4-484F-87EE-0E839B030BDF}.Debug|Mixed Platforms.Build.0 = Debug|Win32
		{50BA57F8-CEC4-484F-87EE-0E839B030BDF}.Debug|Win32.ActiveCfg = Debug|Win32
		{50BA57F8-CEC4-484F-87EE-0E839B030BDF}.Debug|Win32.Build.0 = Debug|Win32
		{50BA57F8-CEC4-484F-87EE-0E839B030BDF}.Release|Any CPU.ActiveCfg = Release|Win32
		{50BA57F8-CEC4-484F-87EE-0E839B030BDF}.Release|Mixed Platforms.ActiveCfg = Release|Win32
		{50BA57F8-CEC4-484F-87EE-0E839B030BDF}.Release|Mixed Platforms.Build.0 = Release|Win32
		{50BA57F8-CEC4-484F-87EE-0E839B030BDF}.Release|Win32.ActiveCfg = Release|Win32
		{50BA57F8-CEC4-484F-87EE-0E839B030BDF}.Release|Win32.Build.0 = Release|Win32
		{4921D77B-C558-42D3-A22D-9D0EBB1475C8}.Debug|Any CPU.ActiveCfg = Debug|Win32
		{4921D77B-C558-42D3-A22D-9D0EBB1475C8}.Debug|Mixed Platforms.ActiveCfg = Debug|Win32
		{4921D77B-C558-42D3-A22D-9D0EBB1475C8}.Debug|Mixed Platforms.Build.0 = Debug|Win32
		{4921D77B-C558-42D3-A22D-9D0EBB1475C8}.Debug|Win32.ActiveCfg = Debug|Win32
		{4921D77B-C558-42D3-A22D-9D0EBB1475C8}.Debug|Win32.Build.0 = Debug|Win32
		{4921D77B-C558-42D3-A22D-9D0EBB1475C8}.Release|Any CPU.ActiveCfg = Release|Win32
		{4921D77B-C558-42D3-A22D-9D0EBB1475C8}.Release|Mixed Platforms.ActiveCfg = Release|Win32
		{4921D77B-C558-42D3-A22D-9D0EBB1475C8}.Release|Mixed Platforms.Build.0 = Release|Win32
		{4921D77B-C558-42D3-A22D-9D0EBB1475C8}.Release|Win32.ActiveCfg = Release|Win32
		{4921D77B-C558-42D3-A22D-9D0EBB1475C8}.Release|Win32.Build.0 = Release|Win32
		{2AFED2B5-122B-4C32-A3BC-E46CBEE39395}.Debug|Any CPU.ActiveCfg = Debug|Win32
		{2AFED2B5-122B-4C32-A3BC-E46CBEE39395}.Debug|Mixed Platforms.ActiveCfg = Debug|Win32
		{2AFED2B5-122B-4C32-A3BC-E46CBEE39395}.Debug|Mixed Platforms.Build.0 = Debug|Win32
		{2AFED2B5-122B-4C32-A3BC-E46CBEE39395}.Debug|Win32.ActiveCfg = Debug|Win32
		{2AFED2B5-122B-4C32-A3BC-E46CBEE39395}.Debug|Win32.Build.0 = Debug|Win32
		{2AFED2B5-122B-4C32-A3BC-E46CBEE39395}.Release|Any CPU.ActiveCfg = Release|Win32
		{2AFED2B5-122B-4C32-A3BC-E46CBEE39395}.Release|Mixed Platforms.ActiveCfg = Release|Win32
		{2AFED2B5-122B-4C32-A3BC-E46CBEE39395}.Release|Mixed Platforms.Build.0 = Release|Win32
		{2AFED2B5-122B-4C32-A3BC-E46CBEE39395}.Release|Win32.ActiveCfg = Release|Win32
		{2AFED2B5-122B-4C32-A3BC-E46CBEE39395}.Release|Win32.Build.0 = Release|Win32
	EndGlobalSection
	GlobalSection(SolutionProperties) = preSolution
		HideSolutionNode = FALSE
	EndGlobalSection
	GlobalSection(NestedProjects) = preSolution
		{2E80D8EF-3F98-4A68-B4B5-128B8A0B9A53} = {03ECB021-FCF5-45A7-A108-64CB76F90084}
		{2918254A-0182-4A93-BDC6-4C5D33431A33} = {03ECB021-FCF5-45A7-A108-64CB76F90084}
		{EB443737-62CA-4DC9-9979-1E79983BB5E9} = {03ECB021-FCF5-45A7-A108-64CB76F90084}
		{F8DC187B-3A96-4AA2-8734-9289E951E89D} = {03ECB021-FCF5-45A7-A108-64CB76F90084}
		{D4315B60-EF40-426E-80A0-E7B8619A6356} = {03ECB021-FCF5-45A7-A108-64CB76F90084}
		{2CCFF6A3-E83B-493D-A0FF-916F24F8F87E} = {03ECB021-FCF5-45A7-A108-64CB76F90084}
		{EA10B9BB-80F6-400E-A85B-CFB12235F2BD} = {03ECB021-FCF5-45A7-A108-64CB76F90084}
		{F28398D9-07DD-421B-AAF2-56CC6F25B3FA} = {03ECB021-FCF5-45A7-A108-64CB76F90084}
		{50BA57F8-CEC4-484F-87EE-0E839B030BDF} = {03ECB021-FCF5-45A7-A108-64CB76F90084}
		{4921D77B-C558-42D3-A22D-9D0EBB1475C8} = {03ECB021-FCF5-45A7-A108-64CB76F90084}
		{2AFED2B5-122B-4C32-A3BC-E46CBEE39395} = {03ECB021-FCF5-45A7-A108-64CB76F90084}
		{472C6C93-44FA-4FE2-832A-325A8BA6FDA9} = {C0DC7E77-BEDD-4144-89E5-DF64BE7B09BB}
	EndGlobalSection
EndGlobal
